
Microsoft Visual Studio Solution File, Format Version 12.00
# Visual Studio Version 16
VisualStudioVersion = 16.0.30330.147
MinimumVisualStudioVersion = 10.0.40219.1
Project("{FAE04EC0-301F-11D3-BF4B-00C04F79EFBC}") = "Cadastro do Produtos", "Cadastro do Produtos\Cadastro do Produtos.csproj", "{C6FA9293-539C-4222-A22B-A99EE98687E4}"
EndProject
Global
	GlobalSection(SolutionConfigurationPlatforms) = preSolution
		Debug|Any CPU = Debug|Any CPU
		Release|Any CPU = Release|Any CPU
	EndGlobalSection
	GlobalSection(ProjectConfigurationPlatforms) = postSolution
		{C6FA9293-539C-4222-A22B-A99EE98687E4}.Debug|Any CPU.ActiveCfg = Debug|Any CPU
		{C6FA9293-539C-4222-A22B-A99EE98687E4}.Debug|Any CPU.Build.0 = Debug|Any CPU
		{C6FA9293-539C-4222-A22B-A99EE98687E4}.Release|Any CPU.ActiveCfg = Release|Any CPU
		{C6FA9293-539C-4222-A22B-A99EE98687E4}.Release|Any CPU.Build.0 = Release|Any CPU
	EndGlobalSection
	GlobalSection(SolutionProperties) = preSolution
		HideSolutionNode = FALSE
	EndGlobalSection
	GlobalSection(ExtensibilityGlobals) = postSolution
		SolutionGuid = {A2330AD1-C960-4B5F-9EEA-5ED86C1B3330}
	EndGlobalSection
EndGlobal
